
Microsoft Visual Studio Solution File, Format Version 12.00
# Visual Studio Version 17
VisualStudioVersion = 17.10.35122.118
MinimumVisualStudioVersion = 10.0.40219.1
Project("{FAE04EC0-301F-11D3-BF4B-00C04F79EFBC}") = "DinoGame", "DinoGame.csproj", "{F930E886-E3D0-4A17-9A2A-F9BE1FAD089C}"
EndProject
Global
	GlobalSection(SolutionConfigurationPlatforms) = preSolution
		Debug|Any CPU = Debug|Any CPU
		Release|Any CPU = Release|Any CPU
	EndGlobalSection
	GlobalSection(ProjectConfigurationPlatforms) = postSolution
		{F930E886-E3D0-4A17-9A2A-F9BE1FAD089C}.Debug|Any CPU.ActiveCfg = Debug|Any CPU
		{F930E886-E3D0-4A17-9A2A-F9BE1FAD089C}.Debug|Any CPU.Build.0 = Debug|Any CPU
		{F930E886-E3D0-4A17-9A2A-F9BE1FAD089C}.Release|Any CPU.ActiveCfg = Release|Any CPU
		{F930E886-E3D0-4A17-9A2A-F9BE1FAD089C}.Release|Any CPU.Build.0 = Release|Any CPU
	EndGlobalSection
	GlobalSection(SolutionProperties) = preSolution
		HideSolutionNode = FALSE
	EndGlobalSection
	GlobalSection(ExtensibilityGlobals) = postSolution
		SolutionGuid = {93B26604-7E8A-4563-9A4A-019B80DF3F3D}
	EndGlobalSection
EndGlobal
